
Microsoft Visual Studio Solution File, Format Version 12.00
# Visual Studio 15
VisualStudioVersion = 15.0.27004.2009
MinimumVisualStudioVersion = 10.0.40219.1
Project("{FAE04EC0-301F-11D3-BF4B-00C04F79EFBC}") = "Grapher", "Grapher.csproj", "{EA027DFD-AF52-4CE2-89D2-DEEC728F4485}"
EndProject
Project("{FAE04EC0-301F-11D3-BF4B-00C04F79EFBC}") = "Test", "Test\Test.csproj", "{A2EACD73-84BB-4AFF-A31F-F2DE3C317FA7}"
EndProject
Global
	GlobalSection(SolutionConfigurationPlatforms) = preSolution
		Debug|ARM = Debug|ARM
		Debug|x64 = Debug|x64
		Debug|x86 = Debug|x86
		Release|ARM = Release|ARM
		Release|x64 = Release|x64
		Release|x86 = Release|x86
	EndGlobalSection
	GlobalSection(ProjectConfigurationPlatforms) = postSolution
		{EA027DFD-AF52-4CE2-89D2-DEEC728F4485}.Debug|ARM.ActiveCfg = Debug|x64
		{EA027DFD-AF52-4CE2-89D2-DEEC728F4485}.Debug|x64.ActiveCfg = Debug|x64
		{EA027DFD-AF52-4CE2-89D2-DEEC728F4485}.Debug|x64.Build.0 = Debug|x64
		{EA027DFD-AF52-4CE2-89D2-DEEC728F4485}.Debug|x64.Deploy.0 = Debug|x64
		{EA027DFD-AF52-4CE2-89D2-DEEC728F4485}.Debug|x86.ActiveCfg = Debug|x64
		{EA027DFD-AF52-4CE2-89D2-DEEC728F4485}.Release|ARM.ActiveCfg = Release|x64
		{EA027DFD-AF52-4CE2-89D2-DEEC728F4485}.Release|x64.ActiveCfg = Release|x64
		{EA027DFD-AF52-4CE2-89D2-DEEC728F4485}.Release|x64.Build.0 = Release|x64
		{EA027DFD-AF52-4CE2-89D2-DEEC728F4485}.Release|x64.Deploy.0 = Release|x64
		{EA027DFD-AF52-4CE2-89D2-DEEC728F4485}.Release|x86.ActiveCfg = Release|x64
		{A2EACD73-84BB-4AFF-A31F-F2DE3C317FA7}.Debug|ARM.ActiveCfg = Debug|ARM
		{A2EACD73-84BB-4AFF-A31F-F2DE3C317FA7}.Debug|ARM.Build.0 = Debug|ARM
		{A2EACD73-84BB-4AFF-A31F-F2DE3C317FA7}.Debug|ARM.Deploy.0 = Debug|ARM
		{A2EACD73-84BB-4AFF-A31F-F2DE3C317FA7}.Debug|x64.ActiveCfg = Debug|x64
		{A2EACD73-84BB-4AFF-A31F-F2DE3C317FA7}.Debug|x64.Build.0 = Debug|x64
		{A2EACD73-84BB-4AFF-A31F-F2DE3C317FA7}.Debug|x64.Deploy.0 = Debug|x64
		{A2EACD73-84BB-4AFF-A31F-F2DE3C317FA7}.Debug|x86.ActiveCfg = Debug|x86
		{A2EACD73-84BB-4AFF-A31F-F2DE3C317FA7}.Debug|x86.Build.0 = Debug|x86
		{A2EACD73-84BB-4AFF-A31F-F2DE3C317FA7}.Debug|x86.Deploy.0 = Debug|x86
		{A2EACD73-84BB-4AFF-A31F-F2DE3C317FA7}.Release|ARM.ActiveCfg = Release|ARM
		{A2EACD73-84BB-4AFF-A31F-F2DE3C317FA7}.Release|ARM.Build.0 = Release|ARM
		{A2EACD73-84BB-4AFF-A31F-F2DE3C317FA7}.Release|ARM.Deploy.0 = Release|ARM
		{A2EACD73-84BB-4AFF-A31F-F2DE3C317FA7}.Release|x64.ActiveCfg = Release|x64
		{A2EACD73-84BB-4AFF-A31F-F2DE3C317FA7}.Release|x64.Build.0 = Release|x64
		{A2EACD73-84BB-4AFF-A31F-F2DE3C317FA7}.Release|x64.Deploy.0 = Release|x64
		{A2EACD73-84BB-4AFF-A31F-F2DE3C317FA7}.Release|x86.ActiveCfg = Release|x86
		{A2EACD73-84BB-4AFF-A31F-F2DE3C317FA7}.Release|x86.Build.0 = Release|x86
		{A2EACD73-84BB-4AFF-A31F-F2DE3C317FA7}.Release|x86.Deploy.0 = Release|x86
	EndGlobalSection
	GlobalSection(SolutionProperties) = preSolution
		HideSolutionNode = FALSE
	EndGlobalSection
	GlobalSection(ExtensibilityGlobals) = postSolution
		SolutionGuid = {EDBFB8CA-C560-4BA7-9AB3-BB8E0F6D2FAC}
	EndGlobalSection
EndGlobal
