
Microsoft Visual Studio Solution File, Format Version 12.00
# Visual Studio 15
VisualStudioVersion = 15.0.27004.2009
MinimumVisualStudioVersion = 10.0.40219.1
Project("{FAE04EC0-301F-11D3-BF4B-00C04F79EFBC}") = "Grapher", "Grapher.csproj", "{EA027DFD-AF52-4CE2-89D2-DEEC728F4485}"
EndProject
Global
	GlobalSection(SolutionConfigurationPlatforms) = preSolution
		Debug|x64 = Debug|x64
		Release|x64 = Release|x64
	EndGlobalSection
	GlobalSection(ProjectConfigurationPlatforms) = postSolution
		{EA027DFD-AF52-4CE2-89D2-DEEC728F4485}.Debug|x64.ActiveCfg = Debug|x64
		{EA027DFD-AF52-4CE2-89D2-DEEC728F4485}.Debug|x64.Build.0 = Debug|x64
		{EA027DFD-AF52-4CE2-89D2-DEEC728F4485}.Debug|x64.Deploy.0 = Debug|x64
		{EA027DFD-AF52-4CE2-89D2-DEEC728F4485}.Release|x64.ActiveCfg = Release|x64
		{EA027DFD-AF52-4CE2-89D2-DEEC728F4485}.Release|x64.Build.0 = Release|x64
		{EA027DFD-AF52-4CE2-89D2-DEEC728F4485}.Release|x64.Deploy.0 = Release|x64
	EndGlobalSection
	GlobalSection(SolutionProperties) = preSolution
		HideSolutionNode = FALSE
	EndGlobalSection
	GlobalSection(ExtensibilityGlobals) = postSolution
		SolutionGuid = {EDBFB8CA-C560-4BA7-9AB3-BB8E0F6D2FAC}
	EndGlobalSection
EndGlobal
